{
    "_readme": [
        "This file locks the dependencies of your project to a known state",
        "Read more about it at https://getcomposer.org/doc/01-basic-usage.md#installing-dependencies",
        "This file is @generated automatically"
    ],
    "content-hash": "212e171d4e44b7d2103b2a080173556e",
    "packages": [
        {
            "name": "qbonaventure/discord-model",
            "version": "dev-master",
            "source": {
                "type": "git",
                "url": "https://github.com/QBonaventure/discord-model.git",
                "reference": "010958f73a793ce0cb2a2bfce9ee879fbc067ba5"
            },
            "dist": {
                "type": "zip",
                "url": "https://api.github.com/repos/QBonaventure/discord-model/zipball/010958f73a793ce0cb2a2bfce9ee879fbc067ba5",
                "reference": "010958f73a793ce0cb2a2bfce9ee879fbc067ba5",
                "shasum": ""
            },
            "require-dev": {
                "phpunit/phpunit": "^7.1"
            },
            "type": "library",
            "autoload": {
                "psr-4": {
                    "FTC\\Discord\\": "src"
                }
            },
            "notification-url": "https://packagist.org/downloads/",
            "license": [
                "MIT"
            ],
            "authors": [
                {
                    "name": "Quentin Bonaventure",
                    "email": "quentin@bonaventure.xyz"
                }
            ],
            "time": "2018-06-20T07:08:02+00:00"
        }
    ],
    "packages-dev": [],
    "aliases": [],
    "minimum-stability": "stable",
    "stability-flags": {
        "qbonaventure/discord-model": 20
    },
    "prefer-stable": false,
    "prefer-lowest": false,
    "platform": [],
    "platform-dev": []
}
